# THIS IS AN AUTOGENERATED FILE. DO NOT EDIT THIS FILE DIRECTLY.
# yarn lockfile v1


asn1@~0.2.0:
  version "0.2.3"
  resolved "https://registry.yarnpkg.com/asn1/-/asn1-0.2.3.tgz#dac8787713c9966849fc8180777ebe9c1ddf3b86"

assertion-error@^1.0.1:
  version "1.1.0"
  resolved "https://registry.yarnpkg.com/assertion-error/-/assertion-error-1.1.0.tgz#e60b6b0e8f301bd97e5375215bda406c85118c0b"

base64-js@^1.3.1:
  version "1.5.1"
  resolved "https://registry.yarnpkg.com/base64-js/-/base64-js-1.5.1.tgz#1b1b440160a5bf7ad40b650f095963481903930a"

bcrypt-pbkdf@^1.0.2:
  version "1.0.2"
  resolved "https://registry.yarnpkg.com/bcrypt-pbkdf/-/bcrypt-pbkdf-1.0.2.tgz#a4301d389b6a43f9b67ff3ca11a3f6637e360e9e"
  dependencies:
    tweetnacl "^0.14.3"

bl@^4.0.3:
  version "4.1.0"
  resolved "https://registry.yarnpkg.com/bl/-/bl-4.1.0.tgz#451535264182bec2fbbc83a62ab98cf11d9f7b3a"
  dependencies:
    buffer "^5.5.0"
    inherits "^2.0.4"
    readable-stream "^3.4.0"

buffer@^5.5.0:
  version "5.7.1"
  resolved "https://registry.yarnpkg.com/buffer/-/buffer-5.7.1.tgz#ba62e7c13133053582197160851a8f648e99eed0"
  dependencies:
    base64-js "^1.3.1"
    ieee754 "^1.1.13"

chai@^4.1.2:
  version "4.1.2"
  resolved "https://registry.yarnpkg.com/chai/-/chai-4.1.2.tgz#0f64584ba642f0f2ace2806279f4f06ca23ad73c"
  dependencies:
    assertion-error "^1.0.1"
    check-error "^1.0.1"
    deep-eql "^3.0.0"
    get-func-name "^2.0.0"
    pathval "^1.0.0"
    type-detect "^4.0.0"

check-error@^1.0.1:
  version "1.0.2"
  resolved "https://registry.yarnpkg.com/check-error/-/check-error-1.0.2.tgz#574d312edd88bb5dd8912e9286dd6c0aed4aac82"

crypto@^1.0.1:
  version "1.0.1"
  resolved "https://registry.yarnpkg.com/crypto/-/crypto-1.0.1.tgz#2af1b7cad8175d24c8a1b0778255794a21803037"

deep-eql@^3.0.0:
  version "3.0.1"
  resolved "https://registry.yarnpkg.com/deep-eql/-/deep-eql-3.0.1.tgz#dfc9404400ad1c8fe023e7da1df1c147c4b444df"
  dependencies:
    type-detect "^4.0.0"

get-func-name@^2.0.0:
  version "2.0.0"
  resolved "https://registry.yarnpkg.com/get-func-name/-/get-func-name-2.0.0.tgz#ead774abee72e20409433a066366023dd6887a41"

has-symbol-support-x@^1.4.0:
  version "1.4.0"
  resolved "https://registry.yarnpkg.com/has-symbol-support-x/-/has-symbol-support-x-1.4.0.tgz#442d89b1d0ac6cf5ff2f7b916ee539869b93a256"

has-to-string-tag-x@^1.4.0:
  version "1.4.0"
  resolved "https://registry.yarnpkg.com/has-to-string-tag-x/-/has-to-string-tag-x-1.4.0.tgz#49d7bcde85c2409be38ac327e3e119a451657c7b"
  dependencies:
    has-symbol-support-x "^1.4.0"

ieee754@^1.1.13:
  version "1.2.1"
  resolved "https://registry.yarnpkg.com/ieee754/-/ieee754-1.2.1.tgz#8eb7a10a63fff25d15a57b001586d177d1b0d352"

inherits@^2.0.3, inherits@^2.0.4:
  version "2.0.4"
  resolved "https://registry.yarnpkg.com/inherits/-/inherits-2.0.4.tgz#0fa2c64f932917c3433a0ded55363aae37416b7c"

is-array-buffer-x@^1.3.0:
  version "1.3.0"
  resolved "https://registry.yarnpkg.com/is-array-buffer-x/-/is-array-buffer-x-1.3.0.tgz#4b4fd096f5bf9e262508fe23c52ee538ca9bcb57"
  dependencies:
    has-to-string-tag-x "^1.4.0"
    is-object-like-x "^1.3.0"
    to-string-tag-x "^1.4.0"

is-function-x@^3.1.0:
  version "3.1.0"
  resolved "https://registry.yarnpkg.com/is-function-x/-/is-function-x-3.1.0.tgz#7f1a0e36e7b46013e4718807f0a20cc8744b63a9"
  dependencies:
    has-to-string-tag-x "^1.4.0"
    is-primitive "^2.0.0"
    normalize-space-x "^1.3.2"
    replace-comments-x "^1.0.1"
    to-string-tag-x "^1.4.0"

is-object-like-x@^1.3.0:
  version "1.5.0"
  resolved "https://registry.yarnpkg.com/is-object-like-x/-/is-object-like-x-1.5.0.tgz#036d1f5520f6016793d9e492761d70d8452f36f0"
  dependencies:
    is-function-x "^3.1.0"
    is-primitive "^2.0.0"

is-primitive@^2.0.0:
  version "2.0.0"
  resolved "https://registry.yarnpkg.com/is-primitive/-/is-primitive-2.0.0.tgz#207bab91638499c07b2adf240a41a87210034575"

is-string@^1.0.4:
  version "1.0.4"
  resolved "https://registry.yarnpkg.com/is-string/-/is-string-1.0.4.tgz#cc3a9b69857d621e963725a24caeec873b826e64"

is-symbol@^1.0.1:
  version "1.0.1"
  resolved "https://registry.yarnpkg.com/is-symbol/-/is-symbol-1.0.1.tgz#3cc59f00025194b6ab2e38dbae6689256b660572"

lodash.isnull@^3.0.0:
  version "3.0.0"
  resolved "https://registry.yarnpkg.com/lodash.isnull/-/lodash.isnull-3.0.0.tgz#fafbe59ea1dca27eed786534039dd84c2e07c56e"

mockery@^2.1.0:
  version "2.1.0"
  resolved "https://registry.yarnpkg.com/mockery/-/mockery-2.1.0.tgz#5b0aef1ff564f0f8139445e165536c7909713470"

normalize-space-x@^1.3.2:
  version "1.3.2"
  resolved "https://registry.yarnpkg.com/normalize-space-x/-/normalize-space-x-1.3.2.tgz#f4e3984aea6cb9e26cf584224051ad0f18277498"
  dependencies:
    trim-x "^1.0.2"
    white-space-x "^2.0.2"

once@^1.3.2:
  version "1.4.0"
  resolved "https://registry.yarnpkg.com/once/-/once-1.4.0.tgz#583b1aa775961d4b113ac17d9c50baef9dd76bd1"
  dependencies:
    wrappy "1"

os-homedir@^1.0.0:
  version "1.0.2"
  resolved "https://registry.yarnpkg.com/os-homedir/-/os-homedir-1.0.2.tgz#ffbc4988336e0e833de0c168c7ef152121aa7fb3"

pathval@^1.0.0:
  version "1.1.0"
  resolved "https://registry.yarnpkg.com/pathval/-/pathval-1.1.0.tgz#b942e6d4bde653005ef6b71361def8727d0645e0"

readable-stream@^3.4.0:
  version "3.6.2"
  resolved "https://registry.yarnpkg.com/readable-stream/-/readable-stream-3.6.2.tgz#56a9b36ea965c00c5a93ef31eb111a0f11056967"
  dependencies:
    inherits "^2.0.3"
    string_decoder "^1.1.1"
    util-deprecate "^1.0.1"

replace-comments-x@^1.0.1:
  version "1.0.1"
  resolved "https://registry.yarnpkg.com/replace-comments-x/-/replace-comments-x-1.0.1.tgz#fbc654cccd8ef6a4f5177b6a37a72b13a5662809"
  dependencies:
    is-string "^1.0.4"

safe-buffer@~5.2.0:
  version "5.2.1"
  resolved "https://registry.yarnpkg.com/safe-buffer/-/safe-buffer-5.2.1.tgz#1eaf9fa9bdb1fdd4ec75f58f9cdb4e6b7827eec6"

sequest@^0.11.0:
  version "0.11.0"
  resolved "https://registry.yarnpkg.com/sequest/-/sequest-0.11.0.tgz#b2c7874d38eb2ba80e58fdb0a322da67187ef594"
  dependencies:
    bl "^4.0.3"
    once "^1.3.2"
    ssh2 "^0.8.9"

ssh2-streams@~0.4.10:
  version "0.4.10"
  resolved "https://registry.yarnpkg.com/ssh2-streams/-/ssh2-streams-0.4.10.tgz#48ef7e8a0e39d8f2921c30521d56dacb31d23a34"
  dependencies:
    asn1 "~0.2.0"
    bcrypt-pbkdf "^1.0.2"
    streamsearch "~0.1.2"

ssh2@^0.8.9:
  version "0.8.9"
  resolved "https://registry.yarnpkg.com/ssh2/-/ssh2-0.8.9.tgz#54da3a6c4ba3daf0d8477a538a481326091815f3"
  dependencies:
    ssh2-streams "~0.4.10"

streamsearch@~0.1.2:
  version "0.1.2"
  resolved "https://registry.yarnpkg.com/streamsearch/-/streamsearch-0.1.2.tgz#808b9d0e56fc273d809ba57338e929919a1a9f1a"

string_decoder@^1.1.1:
  version "1.3.0"
  resolved "https://registry.yarnpkg.com/string_decoder/-/string_decoder-1.3.0.tgz#42f114594a46cf1a8e30b0a84f56c78c3edac21e"
  dependencies:
    safe-buffer "~5.2.0"

to-string-tag-x@^1.4.0:
  version "1.4.0"
  resolved "https://registry.yarnpkg.com/to-string-tag-x/-/to-string-tag-x-1.4.0.tgz#5229990ed1953078b76612ae379c7d17fc33394b"
  dependencies:
    lodash.isnull "^3.0.0"
    validate.io-undefined "^1.0.3"

to-string-x@^1.4.0:
  version "1.4.0"
  resolved "https://registry.yarnpkg.com/to-string-x/-/to-string-x-1.4.0.tgz#20ba9639b5fcc050544d192604746fd825ce5c51"
  dependencies:
    is-symbol "^1.0.1"

trim-left-x@^1.3.3:
  version "1.3.3"
  resolved "https://registry.yarnpkg.com/trim-left-x/-/trim-left-x-1.3.3.tgz#e256e248229491edf0d084ef630a07ef08614c00"
  dependencies:
    to-string-x "^1.4.0"
    white-space-x "^2.0.2"

trim-right-x@^1.3.2:
  version "1.3.2"
  resolved "https://registry.yarnpkg.com/trim-right-x/-/trim-right-x-1.3.2.tgz#b44588d6893dcea0bd85b451cd1608e94452beb0"
  dependencies:
    to-string-x "^1.4.0"
    white-space-x "^2.0.2"

trim-x@^1.0.2:
  version "1.0.2"
  resolved "https://registry.yarnpkg.com/trim-x/-/trim-x-1.0.2.tgz#9fe511cdddcfce568259fc77b1927fbc299a7f14"
  dependencies:
    trim-left-x "^1.3.3"
    trim-right-x "^1.3.2"

tweetnacl@^0.14.3:
  version "0.14.5"
  resolved "https://registry.yarnpkg.com/tweetnacl/-/tweetnacl-0.14.5.tgz#5ae68177f192d4456269d108afa93ff8743f4f64"

type-detect@^4.0.0:
  version "4.0.8"
  resolved "https://registry.yarnpkg.com/type-detect/-/type-detect-4.0.8.tgz#7646fb5f18871cfbb7749e69bd39a6388eb7450c"

user-home@^2.0.0:
  version "2.0.0"
  resolved "https://registry.yarnpkg.com/user-home/-/user-home-2.0.0.tgz#9c70bfd8169bc1dcbf48604e0f04b8b49cde9e9f"
  dependencies:
    os-homedir "^1.0.0"

util-deprecate@^1.0.1:
  version "1.0.2"
  resolved "https://registry.yarnpkg.com/util-deprecate/-/util-deprecate-1.0.2.tgz#450d4dc9fa70de732762fbd2d4a28981419a0ccf"

validate.io-undefined@^1.0.3:
  version "1.0.3"
  resolved "https://registry.yarnpkg.com/validate.io-undefined/-/validate.io-undefined-1.0.3.tgz#7e27fcbb315b841e78243431897671929e20b7f4"

white-space-x@^2.0.2:
  version "2.0.2"
  resolved "https://registry.yarnpkg.com/white-space-x/-/white-space-x-2.0.2.tgz#8cd5d8858aa5d5cfa2901335718b8d8e8af8e99d"

wrappy@1:
  version "1.0.2"
  resolved "https://registry.yarnpkg.com/wrappy/-/wrappy-1.0.2.tgz#b5243d8f3ec1aa35f1364605bc0d1036e30ab69f"
